---
lockfileVersion: 1
lockfileVendor: redhat
arches:
- arch: aarch64
  packages:
  - url: https://cdn.redhat.com/content/dist/rhel9/9/aarch64/appstream/os/Packages/n/nmstate-2.2.60-1.el9_8.aarch64.rpm
    repoid: rhel-9-for-aarch64-appstream-rpms
    size: 4310461
    checksum: sha256:782afde191c4d8c6d7ca9ebe9ddc9b71f953928af7b15be99721564b8a7db12c
    name: nmstate
    evr: 2.2.60-1.el9_8
    sourcerpm: nmstate-2.2.60-1.el9_8.src.rpm
  - url: https://cdn.redhat.com/content/dist/rhel9/9/aarch64/appstream/os/Packages/n/nmstate-libs-2.2.60-1.el9_8.aarch64.rpm
    repoid: rhel-9-for-aarch64-appstream-rpms
    size: 3454869
    checksum: sha256:7603f042a6582ff8512fb64bd9cde78dad44ebf3fca27ab62c8ab63cd14e8caa
    name: nmstate-libs
    evr: 2.2.60-1.el9_8
    sourcerpm: nmstate-2.2.60-1.el9_8.src.rpm
  - url: https://cdn.redhat.com/content/dist/rhel9/9/aarch64/baseos/os/Packages/n/NetworkManager-config-server-1.54.3-5.el9_8.noarch.rpm
    repoid: rhel-9-for-aarch64-baseos-rpms
    size: 21974
    checksum: sha256:6aaa743b728c6a5875a67e6fbe9d5211928fcfcd70c0a3f2284f76289deda32e
    name: NetworkManager-config-server
    evr: 1:1.54.3-5.el9_8
    sourcerpm: NetworkManager-1.54.3-5.el9_8.src.rpm
  source: []
  module_metadata: []
- arch: ppc64le
  packages:
  - url: https://cdn.redhat.com/content/dist/rhel9/9/ppc64le/appstream/os/Packages/n/nmstate-2.2.60-1.el9_8.ppc64le.rpm
    repoid: rhel-9-for-ppc64le-appstream-rpms
    size: 4935562
    checksum: sha256:a0231e7fafde3b64bdb48722e73b7de705cbc495f2be2fee7ffc35370fe13b88
    name: nmstate
    evr: 2.2.60-1.el9_8
    sourcerpm: nmstate-2.2.60-1.el9_8.src.rpm
  - url: https://cdn.redhat.com/content/dist/rhel9/9/ppc64le/appstream/os/Packages/n/nmstate-libs-2.2.60-1.el9_8.ppc64le.rpm
    repoid: rhel-9-for-ppc64le-appstream-rpms
    size: 3819703
    checksum: sha256:b05e6d2b9a91307717670a2728101ce87c1c3e40437fcda07361065e22e25645
    name: nmstate-libs
    evr: 2.2.60-1.el9_8
    sourcerpm: nmstate-2.2.60-1.el9_8.src.rpm
  - url: https://cdn.redhat.com/content/dist/rhel9/9/ppc64le/baseos/os/Packages/n/NetworkManager-config-server-1.54.3-5.el9_8.noarch.rpm
    repoid: rhel-9-for-ppc64le-baseos-rpms
    size: 21974
    checksum: sha256:6aaa743b728c6a5875a67e6fbe9d5211928fcfcd70c0a3f2284f76289deda32e
    name: NetworkManager-config-server
    evr: 1:1.54.3-5.el9_8
    sourcerpm: NetworkManager-1.54.3-5.el9_8.src.rpm
  source: []
  module_metadata: []
- arch: s390x
  packages:
  - url: https://cdn.redhat.com/content/dist/rhel9/9/s390x/appstream/os/Packages/n/nmstate-2.2.60-1.el9_8.s390x.rpm
    repoid: rhel-9-for-s390x-appstream-rpms
    size: 4580546
    checksum: sha256:51f66101d40fafa0b19db71d4e6761b3f204e8a88b95204aa93c9a7c5275d643
    name: nmstate
    evr: 2.2.60-1.el9_8
    sourcerpm: nmstate-2.2.60-1.el9_8.src.rpm
  - url: https://cdn.redhat.com/content/dist/rhel9/9/s390x/appstream/os/Packages/n/nmstate-libs-2.2.60-1.el9_8.s390x.rpm
    repoid: rhel-9-for-s390x-appstream-rpms
    size: 3622985
    checksum: sha256:2408ce492dc81f85deffa6257936a3d2524aa7477d97120032b8a26beb3b57d3
    name: nmstate-libs
    evr: 2.2.60-1.el9_8
    sourcerpm: nmstate-2.2.60-1.el9_8.src.rpm
  - url: https://cdn.redhat.com/content/dist/rhel9/9/s390x/baseos/os/Packages/n/NetworkManager-config-server-1.54.3-5.el9_8.noarch.rpm
    repoid: rhel-9-for-s390x-baseos-rpms
    size: 21974
    checksum: sha256:6aaa743b728c6a5875a67e6fbe9d5211928fcfcd70c0a3f2284f76289deda32e
    name: NetworkManager-config-server
    evr: 1:1.54.3-5.el9_8
    sourcerpm: NetworkManager-1.54.3-5.el9_8.src.rpm
  source: []
  module_metadata: []
- arch: x86_64
  packages:
  - url: https://cdn.redhat.com/content/dist/rhel9/9/x86_64/appstream/os/Packages/n/nmstate-2.2.60-1.el9_8.x86_64.rpm
    repoid: rhel-9-for-x86_64-appstream-rpms
    size: 4573358
    checksum: sha256:8eb17ff897faf521829e1c49d3c3bd27c9a8ea510e18cfdc851c2e650a184ec3
    name: nmstate
    evr: 2.2.60-1.el9_8
    sourcerpm: nmstate-2.2.60-1.el9_8.src.rpm
  - url: https://cdn.redhat.com/content/dist/rhel9/9/x86_64/appstream/os/Packages/n/nmstate-libs-2.2.60-1.el9_8.x86_64.rpm
    repoid: rhel-9-for-x86_64-appstream-rpms
    size: 3649288
    checksum: sha256:8a13a923c694c005913f611d59223dd7fb5f66d39ec43076f565df8889ab69be
    name: nmstate-libs
    evr: 2.2.60-1.el9_8
    sourcerpm: nmstate-2.2.60-1.el9_8.src.rpm
  - url: https://cdn.redhat.com/content/dist/rhel9/9/x86_64/baseos/os/Packages/n/NetworkManager-config-server-1.54.3-5.el9_8.noarch.rpm
    repoid: rhel-9-for-x86_64-baseos-rpms
    size: 21974
    checksum: sha256:6aaa743b728c6a5875a67e6fbe9d5211928fcfcd70c0a3f2284f76289deda32e
    name: NetworkManager-config-server
    evr: 1:1.54.3-5.el9_8
    sourcerpm: NetworkManager-1.54.3-5.el9_8.src.rpm
  source: []
  module_metadata: []
